
Microsoft Visual Studio Solution File, Format Version 12.00
# Visual Studio Version 17
VisualStudioVersion = 17.5.002.0
MinimumVisualStudioVersion = 10.0.40219.1
Project("{9A19103F-16F7-4668-BE54-9A1E7A4F7556}") = "Gateway", "Gateway\Gateway.csproj", "{D21EE1DD-72CF-40B8-9375-AA18264F768D}"
EndProject
Project("{FAE04EC0-301F-11D3-BF4B-00C04F79EFBC}") = "ServiceA", "ServiceA\ServiceA.csproj", "{0394F66C-993A-4BC7-AAAA-EB8DEF899FDE}"
EndProject
Project("{FAE04EC0-301F-11D3-BF4B-00C04F79EFBC}") = "ServiceB", "ServiceB\ServiceB.csproj", "{1AF2537E-B4EB-4394-9798-700D8F545E5F}"
EndProject
Global
	GlobalSection(SolutionConfigurationPlatforms) = preSolution
		Debug|Any CPU = Debug|Any CPU
		Release|Any CPU = Release|Any CPU
	EndGlobalSection
	GlobalSection(ProjectConfigurationPlatforms) = postSolution
		{D21EE1DD-72CF-40B8-9375-AA18264F768D}.Debug|Any CPU.ActiveCfg = Debug|Any CPU
		{D21EE1DD-72CF-40B8-9375-AA18264F768D}.Debug|Any CPU.Build.0 = Debug|Any CPU
		{D21EE1DD-72CF-40B8-9375-AA18264F768D}.Release|Any CPU.ActiveCfg = Release|Any CPU
		{D21EE1DD-72CF-40B8-9375-AA18264F768D}.Release|Any CPU.Build.0 = Release|Any CPU
		{0394F66C-993A-4BC7-AAAA-EB8DEF899FDE}.Debug|Any CPU.ActiveCfg = Debug|Any CPU
		{0394F66C-993A-4BC7-AAAA-EB8DEF899FDE}.Debug|Any CPU.Build.0 = Debug|Any CPU
		{0394F66C-993A-4BC7-AAAA-EB8DEF899FDE}.Release|Any CPU.ActiveCfg = Release|Any CPU
		{0394F66C-993A-4BC7-AAAA-EB8DEF899FDE}.Release|Any CPU.Build.0 = Release|Any CPU
		{1AF2537E-B4EB-4394-9798-700D8F545E5F}.Debug|Any CPU.ActiveCfg = Debug|Any CPU
		{1AF2537E-B4EB-4394-9798-700D8F545E5F}.Debug|Any CPU.Build.0 = Debug|Any CPU
		{1AF2537E-B4EB-4394-9798-700D8F545E5F}.Release|Any CPU.ActiveCfg = Release|Any CPU
		{1AF2537E-B4EB-4394-9798-700D8F545E5F}.Release|Any CPU.Build.0 = Release|Any CPU
	EndGlobalSection
	GlobalSection(SolutionProperties) = preSolution
		HideSolutionNode = FALSE
	EndGlobalSection
	GlobalSection(ExtensibilityGlobals) = postSolution
		SolutionGuid = {03A6720A-24B7-442A-9364-C5B24AE63ABA}
	EndGlobalSection
EndGlobal
